
Microsoft Visual Studio Solution File, Format Version 12.00
# Visual Studio Version 16
VisualStudioVersion = 25.0.1706.7
MinimumVisualStudioVersion = 10.0.40219.1
Project("{F2A71F9B-5D33-465A-A702-920D77279786}") = "Implant", "Implant.fsproj", "{A0D460CE-2814-40C3-BD7B-E2240BB7F335}"
EndProject
Global
	GlobalSection(SolutionConfigurationPlatforms) = preSolution
		Debug|Any CPU = Debug|Any CPU
		Release|Any CPU = Release|Any CPU
	EndGlobalSection
	GlobalSection(ProjectConfigurationPlatforms) = postSolution
		{A0D460CE-2814-40C3-BD7B-E2240BB7F335}.Debug|Any CPU.ActiveCfg = Debug|Any CPU
		{A0D460CE-2814-40C3-BD7B-E2240BB7F335}.Debug|Any CPU.Build.0 = Debug|Any CPU
		{A0D460CE-2814-40C3-BD7B-E2240BB7F335}.Release|Any CPU.ActiveCfg = Release|Any CPU
		{A0D460CE-2814-40C3-BD7B-E2240BB7F335}.Release|Any CPU.Build.0 = Release|Any CPU
	EndGlobalSection
	GlobalSection(SolutionProperties) = preSolution
		HideSolutionNode = FALSE
	EndGlobalSection
	GlobalSection(ExtensibilityGlobals) = postSolution
		SolutionGuid = {7220042B-7D9F-403F-95B2-411DCA8F5591}
	EndGlobalSection
EndGlobal
